{
  "pins" : [
    {
      "identity" : "swift-snapshot-testing",
      "kind" : "remoteSourceControl",
      "location" : "https://github.com/pointfreeco/swift-snapshot-testing",
      "state" : {
        "branch" : "main",
        "revision" : "7438026a0bcd5cc3b68a296ec978e8dfca8f7b15"
      }
    }
  ],
  "version" : 2
}
